
Microsoft Visual Studio Solution File, Format Version 12.00
# Visual Studio 15
VisualStudioVersion = 15.0.26403.3
MinimumVisualStudioVersion = 10.0.40219.1
Project("{D954291E-2A0B-460D-934E-DC6B0785DB48}") = "AppTeste", "AppTeste\AppTeste\AppTeste.shproj", "{C6B682E1-9F1D-4B54-8181-4ADFF8F95AB3}"
EndProject
Project("{FAE04EC0-301F-11D3-BF4B-00C04F79EFBC}") = "AppTeste.Android", "AppTeste\AppTeste.Android\AppTeste.Android.csproj", "{478E129F-5C2B-4B4F-849C-1518FF2491EF}"
EndProject
Project("{FAE04EC0-301F-11D3-BF4B-00C04F79EFBC}") = "AppTeste.iOS", "AppTeste\AppTeste.iOS\AppTeste.iOS.csproj", "{62FCFE7E-1DE8-4558-B214-5A288F3A68F9}"
EndProject
Project("{FAE04EC0-301F-11D3-BF4B-00C04F79EFBC}") = "AppTeste.UWP", "AppTeste\AppTeste.UWP\AppTeste.UWP.csproj", "{ABB907C6-77F7-412B-A51D-74DEE96322A1}"
EndProject
Global
	GlobalSection(SharedMSBuildProjectFiles) = preSolution
		AppTeste\AppTeste\AppTeste.projitems*{478e129f-5c2b-4b4f-849c-1518ff2491ef}*SharedItemsImports = 4
		AppTeste\AppTeste\AppTeste.projitems*{62fcfe7e-1de8-4558-b214-5a288f3a68f9}*SharedItemsImports = 4
		AppTeste\AppTeste\AppTeste.projitems*{c6b682e1-9f1d-4b54-8181-4adff8f95ab3}*SharedItemsImports = 13
	EndGlobalSection
	GlobalSection(SolutionConfigurationPlatforms) = preSolution
		Ad-Hoc|Any CPU = Ad-Hoc|Any CPU
		Ad-Hoc|ARM = Ad-Hoc|ARM
		Ad-Hoc|iPhone = Ad-Hoc|iPhone
		Ad-Hoc|iPhoneSimulator = Ad-Hoc|iPhoneSimulator
		Ad-Hoc|x64 = Ad-Hoc|x64
		Ad-Hoc|x86 = Ad-Hoc|x86
		AppStore|Any CPU = AppStore|Any CPU
		AppStore|ARM = AppStore|ARM
		AppStore|iPhone = AppStore|iPhone
		AppStore|iPhoneSimulator = AppStore|iPhoneSimulator
		AppStore|x64 = AppStore|x64
		AppStore|x86 = AppStore|x86
		Debug|Any CPU = Debug|Any CPU
		Debug|ARM = Debug|ARM
		Debug|iPhone = Debug|iPhone
		Debug|iPhoneSimulator = Debug|iPhoneSimulator
		Debug|x64 = Debug|x64
		Debug|x86 = Debug|x86
		Release|Any CPU = Release|Any CPU
		Release|ARM = Release|ARM
		Release|iPhone = Release|iPhone
		Release|iPhoneSimulator = Release|iPhoneSimulator
		Release|x64 = Release|x64
		Release|x86 = Release|x86
	EndGlobalSection
	GlobalSection(ProjectConfigurationPlatforms) = postSolution
		{478E129F-5C2B-4B4F-849C-1518FF2491EF}.Ad-Hoc|Any CPU.ActiveCfg = Release|Any CPU
		{478E129F-5C2B-4B4F-849C-1518FF2491EF}.Ad-Hoc|Any CPU.Build.0 = Release|Any CPU
		{478E129F-5C2B-4B4F-849C-1518FF2491EF}.Ad-Hoc|Any CPU.Deploy.0 = Release|Any CPU
		{478E129F-5C2B-4B4F-849C-1518FF2491EF}.Ad-Hoc|ARM.ActiveCfg = Release|Any CPU
		{478E129F-5C2B-4B4F-849C-1518FF2491EF}.Ad-Hoc|ARM.Build.0 = Release|Any CPU
		{478E129F-5C2B-4B4F-849C-1518FF2491EF}.Ad-Hoc|ARM.Deploy.0 = Release|Any CPU
		{478E129F-5C2B-4B4F-849C-1518FF2491EF}.Ad-Hoc|iPhone.ActiveCfg = Release|Any CPU
		{478E129F-5C2B-4B4F-849C-1518FF2491EF}.Ad-Hoc|iPhone.Build.0 = Release|Any CPU
		{478E129F-5C2B-4B4F-849C-1518FF2491EF}.Ad-Hoc|iPhone.Deploy.0 = Release|Any CPU
		{478E129F-5C2B-4B4F-849C-1518FF2491EF}.Ad-Hoc|iPhoneSimulator.ActiveCfg = Release|Any CPU
		{478E129F-5C2B-4B4F-849C-1518FF2491EF}.Ad-Hoc|iPhoneSimulator.Build.0 = Release|Any CPU
		{478E129F-5C2B-4B4F-849C-1518FF2491EF}.Ad-Hoc|iPhoneSimulator.Deploy.0 = Release|Any CPU
		{478E129F-5C2B-4B4F-849C-1518FF2491EF}.Ad-Hoc|x64.ActiveCfg = Release|Any CPU
		{478E129F-5C2B-4B4F-849C-1518FF2491EF}.Ad-Hoc|x64.Build.0 = Release|Any CPU
		{478E129F-5C2B-4B4F-849C-1518FF2491EF}.Ad-Hoc|x64.Deploy.0 = Release|Any CPU
		{478E129F-5C2B-4B4F-849C-1518FF2491EF}.Ad-Hoc|x86.ActiveCfg = Release|Any CPU
		{478E129F-5C2B-4B4F-849C-1518FF2491EF}.Ad-Hoc|x86.Build.0 = Release|Any CPU
		{478E129F-5C2B-4B4F-849C-1518FF2491EF}.Ad-Hoc|x86.Deploy.0 = Release|Any CPU
		{478E129F-5C2B-4B4F-849C-1518FF2491EF}.AppStore|Any CPU.ActiveCfg = Release|Any CPU
		{478E129F-5C2B-4B4F-849C-1518FF2491EF}.AppStore|Any CPU.Build.0 = Release|Any CPU
		{478E129F-5C2B-4B4F-849C-1518FF2491EF}.AppStore|Any CPU.Deploy.0 = Release|Any CPU
		{478E129F-5C2B-4B4F-849C-1518FF2491EF}.AppStore|ARM.ActiveCfg = Release|Any CPU
		{478E129F-5C2B-4B4F-849C-1518FF2491EF}.AppStore|ARM.Build.0 = Release|Any CPU
		{478E129F-5C2B-4B4F-849C-1518FF2491EF}.AppStore|ARM.Deploy.0 = Release|Any CPU
		{478E129F-5C2B-4B4F-849C-1518FF2491EF}.AppStore|iPhone.ActiveCfg = Release|Any CPU
		{478E129F-5C2B-4B4F-849C-1518FF2491EF}.AppStore|iPhone.Build.0 = Release|Any CPU
		{478E129F-5C2B-4B4F-849C-1518FF2491EF}.AppStore|iPhone.Deploy.0 = Release|Any CPU
		{478E129F-5C2B-4B4F-849C-1518FF2491EF}.AppStore|iPhoneSimulator.ActiveCfg = Release|Any CPU
		{478E129F-5C2B-4B4F-849C-1518FF2491EF}.AppStore|iPhoneSimulator.Build.0 = Release|Any CPU
		{478E129F-5C2B-4B4F-849C-1518FF2491EF}.AppStore|iPhoneSimulator.Deploy.0 = Release|Any CPU
		{478E129F-5C2B-4B4F-849C-1518FF2491EF}.AppStore|x64.ActiveCfg = Release|Any CPU
		{478E129F-5C2B-4B4F-849C-1518FF2491EF}.AppStore|x64.Build.0 = Release|Any CPU
		{478E129F-5C2B-4B4F-849C-1518FF2491EF}.AppStore|x64.Deploy.0 = Release|Any CPU
		{478E129F-5C2B-4B4F-849C-1518FF2491EF}.AppStore|x86.ActiveCfg = Release|Any CPU
		{478E129F-5C2B-4B4F-849C-1518FF2491EF}.AppStore|x86.Build.0 = Release|Any CPU
		{478E129F-5C2B-4B4F-849C-1518FF2491EF}.AppStore|x86.Deploy.0 = Release|Any CPU
		{478E129F-5C2B-4B4F-849C-1518FF2491EF}.Debug|Any CPU.ActiveCfg = Debug|Any CPU
		{478E129F-5C2B-4B4F-849C-1518FF2491EF}.Debug|Any CPU.Build.0 = Debug|Any CPU
		{478E129F-5C2B-4B4F-849C-1518FF2491EF}.Debug|Any CPU.Deploy.0 = Debug|Any CPU
		{478E129F-5C2B-4B4F-849C-1518FF2491EF}.Debug|ARM.ActiveCfg = Debug|Any CPU
		{478E129F-5C2B-4B4F-849C-1518FF2491EF}.Debug|ARM.Build.0 = Debug|Any CPU
		{478E129F-5C2B-4B4F-849C-1518FF2491EF}.Debug|ARM.Deploy.0 = Debug|Any CPU
		{478E129F-5C2B-4B4F-849C-1518FF2491EF}.Debug|iPhone.ActiveCfg = Debug|Any CPU
		{478E129F-5C2B-4B4F-849C-1518FF2491EF}.Debug|iPhone.Build.0 = Debug|Any CPU
		{478E129F-5C2B-4B4F-849C-1518FF2491EF}.Debug|iPhone.Deploy.0 = Debug|Any CPU
		{478E129F-5C2B-4B4F-849C-1518FF2491EF}.Debug|iPhoneSimulator.ActiveCfg = Debug|Any CPU
		{478E129F-5C2B-4B4F-849C-1518FF2491EF}.Debug|iPhoneSimulator.Build.0 = Debug|Any CPU
		{478E129F-5C2B-4B4F-849C-1518FF2491EF}.Debug|iPhoneSimulator.Deploy.0 = Debug|Any CPU
		{478E129F-5C2B-4B4F-849C-1518FF2491EF}.Debug|x64.ActiveCfg = Debug|Any CPU
		{478E129F-5C2B-4B4F-849C-1518FF2491EF}.Debug|x64.Build.0 = Debug|Any CPU
		{478E129F-5C2B-4B4F-849C-1518FF2491EF}.Debug|x64.Deploy.0 = Debug|Any CPU
		{478E129F-5C2B-4B4F-849C-1518FF2491EF}.Debug|x86.ActiveCfg = Debug|Any CPU
		{478E129F-5C2B-4B4F-849C-1518FF2491EF}.Debug|x86.Build.0 = Debug|Any CPU
		{478E129F-5C2B-4B4F-849C-1518FF2491EF}.Debug|x86.Deploy.0 = Debug|Any CPU
		{478E129F-5C2B-4B4F-849C-1518FF2491EF}.Release|Any CPU.ActiveCfg = Release|Any CPU
		{478E129F-5C2B-4B4F-849C-1518FF2491EF}.Release|Any CPU.Build.0 = Release|Any CPU
		{478E129F-5C2B-4B4F-849C-1518FF2491EF}.Release|Any CPU.Deploy.0 = Release|Any CPU
		{478E129F-5C2B-4B4F-849C-1518FF2491EF}.Release|ARM.ActiveCfg = Release|Any CPU
		{478E129F-5C2B-4B4F-849C-1518FF2491EF}.Release|ARM.Build.0 = Release|Any CPU
		{478E129F-5C2B-4B4F-849C-1518FF2491EF}.Release|ARM.Deploy.0 = Release|Any CPU
		{478E129F-5C2B-4B4F-849C-1518FF2491EF}.Release|iPhone.ActiveCfg = Release|Any CPU
		{478E129F-5C2B-4B4F-849C-1518FF2491EF}.Release|iPhone.Build.0 = Release|Any CPU
		{478E129F-5C2B-4B4F-849C-1518FF2491EF}.Release|iPhone.Deploy.0 = Release|Any CPU
		{478E129F-5C2B-4B4F-849C-1518FF2491EF}.Release|iPhoneSimulator.ActiveCfg = Release|Any CPU
		{478E129F-5C2B-4B4F-849C-1518FF2491EF}.Release|iPhoneSimulator.Build.0 = Release|Any CPU
		{478E129F-5C2B-4B4F-849C-1518FF2491EF}.Release|iPhoneSimulator.Deploy.0 = Release|Any CPU
		{478E129F-5C2B-4B4F-849C-1518FF2491EF}.Release|x64.ActiveCfg = Release|Any CPU
		{478E129F-5C2B-4B4F-849C-1518FF2491EF}.Release|x64.Build.0 = Release|Any CPU
		{478E129F-5C2B-4B4F-849C-1518FF2491EF}.Release|x64.Deploy.0 = Release|Any CPU
		{478E129F-5C2B-4B4F-849C-1518FF2491EF}.Release|x86.ActiveCfg = Release|Any CPU
		{478E129F-5C2B-4B4F-849C-1518FF2491EF}.Release|x86.Build.0 = Release|Any CPU
		{478E129F-5C2B-4B4F-849C-1518FF2491EF}.Release|x86.Deploy.0 = Release|Any CPU
		{62FCFE7E-1DE8-4558-B214-5A288F3A68F9}.Ad-Hoc|Any CPU.ActiveCfg = Ad-Hoc|iPhone
		{62FCFE7E-1DE8-4558-B214-5A288F3A68F9}.Ad-Hoc|ARM.ActiveCfg = Ad-Hoc|iPhone
		{62FCFE7E-1DE8-4558-B214-5A288F3A68F9}.Ad-Hoc|iPhone.ActiveCfg = Ad-Hoc|iPhone
		{62FCFE7E-1DE8-4558-B214-5A288F3A68F9}.Ad-Hoc|iPhone.Build.0 = Ad-Hoc|iPhone
		{62FCFE7E-1DE8-4558-B214-5A288F3A68F9}.Ad-Hoc|iPhoneSimulator.ActiveCfg = Ad-Hoc|iPhoneSimulator
		{62FCFE7E-1DE8-4558-B214-5A288F3A68F9}.Ad-Hoc|iPhoneSimulator.Build.0 = Ad-Hoc|iPhoneSimulator
		{62FCFE7E-1DE8-4558-B214-5A288F3A68F9}.Ad-Hoc|x64.ActiveCfg = Ad-Hoc|iPhone
		{62FCFE7E-1DE8-4558-B214-5A288F3A68F9}.Ad-Hoc|x86.ActiveCfg = Ad-Hoc|iPhone
		{62FCFE7E-1DE8-4558-B214-5A288F3A68F9}.AppStore|Any CPU.ActiveCfg = AppStore|iPhone
		{62FCFE7E-1DE8-4558-B214-5A288F3A68F9}.AppStore|ARM.ActiveCfg = AppStore|iPhone
		{62FCFE7E-1DE8-4558-B214-5A288F3A68F9}.AppStore|iPhone.ActiveCfg = AppStore|iPhone
		{62FCFE7E-1DE8-4558-B214-5A288F3A68F9}.AppStore|iPhone.Build.0 = AppStore|iPhone
		{62FCFE7E-1DE8-4558-B214-5A288F3A68F9}.AppStore|iPhoneSimulator.ActiveCfg = AppStore|iPhoneSimulator
		{62FCFE7E-1DE8-4558-B214-5A288F3A68F9}.AppStore|iPhoneSimulator.Build.0 = AppStore|iPhoneSimulator
		{62FCFE7E-1DE8-4558-B214-5A288F3A68F9}.AppStore|x64.ActiveCfg = AppStore|iPhone
		{62FCFE7E-1DE8-4558-B214-5A288F3A68F9}.AppStore|x86.ActiveCfg = AppStore|iPhone
		{62FCFE7E-1DE8-4558-B214-5A288F3A68F9}.Debug|Any CPU.ActiveCfg = Debug|iPhone
		{62FCFE7E-1DE8-4558-B214-5A288F3A68F9}.Debug|ARM.ActiveCfg = Debug|iPhone
		{62FCFE7E-1DE8-4558-B214-5A288F3A68F9}.Debug|iPhone.ActiveCfg = Debug|iPhone
		{62FCFE7E-1DE8-4558-B214-5A288F3A68F9}.Debug|iPhone.Build.0 = Debug|iPhone
		{62FCFE7E-1DE8-4558-B214-5A288F3A68F9}.Debug|iPhoneSimulator.ActiveCfg = Debug|iPhoneSimulator
		{62FCFE7E-1DE8-4558-B214-5A288F3A68F9}.Debug|iPhoneSimulator.Build.0 = Debug|iPhoneSimulator
		{62FCFE7E-1DE8-4558-B214-5A288F3A68F9}.Debug|x64.ActiveCfg = Debug|iPhone
		{62FCFE7E-1DE8-4558-B214-5A288F3A68F9}.Debug|x86.ActiveCfg = Debug|iPhone
		{62FCFE7E-1DE8-4558-B214-5A288F3A68F9}.Release|Any CPU.ActiveCfg = Release|iPhone
		{62FCFE7E-1DE8-4558-B214-5A288F3A68F9}.Release|ARM.ActiveCfg = Release|iPhone
		{62FCFE7E-1DE8-4558-B214-5A288F3A68F9}.Release|iPhone.ActiveCfg = Release|iPhone
		{62FCFE7E-1DE8-4558-B214-5A288F3A68F9}.Release|iPhone.Build.0 = Release|iPhone
		{62FCFE7E-1DE8-4558-B214-5A288F3A68F9}.Release|iPhoneSimulator.ActiveCfg = Release|iPhoneSimulator
		{62FCFE7E-1DE8-4558-B214-5A288F3A68F9}.Release|iPhoneSimulator.Build.0 = Release|iPhoneSimulator
		{62FCFE7E-1DE8-4558-B214-5A288F3A68F9}.Release|x64.ActiveCfg = Release|iPhone
		{62FCFE7E-1DE8-4558-B214-5A288F3A68F9}.Release|x86.ActiveCfg = Release|iPhone
		{ABB907C6-77F7-412B-A51D-74DEE96322A1}.Ad-Hoc|Any CPU.ActiveCfg = Release|x86
		{ABB907C6-77F7-412B-A51D-74DEE96322A1}.Ad-Hoc|Any CPU.Build.0 = Release|x86
		{ABB907C6-77F7-412B-A51D-74DEE96322A1}.Ad-Hoc|Any CPU.Deploy.0 = Release|x86
		{ABB907C6-77F7-412B-A51D-74DEE96322A1}.Ad-Hoc|ARM.ActiveCfg = Release|ARM
		{ABB907C6-77F7-412B-A51D-74DEE96322A1}.Ad-Hoc|ARM.Build.0 = Release|ARM
		{ABB907C6-77F7-412B-A51D-74DEE96322A1}.Ad-Hoc|ARM.Deploy.0 = Release|ARM
		{ABB907C6-77F7-412B-A51D-74DEE96322A1}.Ad-Hoc|iPhone.ActiveCfg = Release|x86
		{ABB907C6-77F7-412B-A51D-74DEE96322A1}.Ad-Hoc|iPhone.Build.0 = Release|x86
		{ABB907C6-77F7-412B-A51D-74DEE96322A1}.Ad-Hoc|iPhone.Deploy.0 = Release|x86
		{ABB907C6-77F7-412B-A51D-74DEE96322A1}.Ad-Hoc|iPhoneSimulator.ActiveCfg = Release|x86
		{ABB907C6-77F7-412B-A51D-74DEE96322A1}.Ad-Hoc|iPhoneSimulator.Build.0 = Release|x86
		{ABB907C6-77F7-412B-A51D-74DEE96322A1}.Ad-Hoc|iPhoneSimulator.Deploy.0 = Release|x86
		{ABB907C6-77F7-412B-A51D-74DEE96322A1}.Ad-Hoc|x64.ActiveCfg = Release|x64
		{ABB907C6-77F7-412B-A51D-74DEE96322A1}.Ad-Hoc|x64.Build.0 = Release|x64
		{ABB907C6-77F7-412B-A51D-74DEE96322A1}.Ad-Hoc|x64.Deploy.0 = Release|x64
		{ABB907C6-77F7-412B-A51D-74DEE96322A1}.Ad-Hoc|x86.ActiveCfg = Release|x86
		{ABB907C6-77F7-412B-A51D-74DEE96322A1}.Ad-Hoc|x86.Build.0 = Release|x86
		{ABB907C6-77F7-412B-A51D-74DEE96322A1}.Ad-Hoc|x86.Deploy.0 = Release|x86
		{ABB907C6-77F7-412B-A51D-74DEE96322A1}.AppStore|Any CPU.ActiveCfg = Release|x86
		{ABB907C6-77F7-412B-A51D-74DEE96322A1}.AppStore|Any CPU.Build.0 = Release|x86
		{ABB907C6-77F7-412B-A51D-74DEE96322A1}.AppStore|Any CPU.Deploy.0 = Release|x86
		{ABB907C6-77F7-412B-A51D-74DEE96322A1}.AppStore|ARM.ActiveCfg = Release|ARM
		{ABB907C6-77F7-412B-A51D-74DEE96322A1}.AppStore|ARM.Build.0 = Release|ARM
		{ABB907C6-77F7-412B-A51D-74DEE96322A1}.AppStore|ARM.Deploy.0 = Release|ARM
		{ABB907C6-77F7-412B-A51D-74DEE96322A1}.AppStore|iPhone.ActiveCfg = Release|x86
		{ABB907C6-77F7-412B-A51D-74DEE96322A1}.AppStore|iPhone.Build.0 = Release|x86
		{ABB907C6-77F7-412B-A51D-74DEE96322A1}.AppStore|iPhone.Deploy.0 = Release|x86
		{ABB907C6-77F7-412B-A51D-74DEE96322A1}.AppStore|iPhoneSimulator.ActiveCfg = Release|x86
		{ABB907C6-77F7-412B-A51D-74DEE96322A1}.AppStore|iPhoneSimulator.Build.0 = Release|x86
		{ABB907C6-77F7-412B-A51D-74DEE96322A1}.AppStore|iPhoneSimulator.Deploy.0 = Release|x86
		{ABB907C6-77F7-412B-A51D-74DEE96322A1}.AppStore|x64.ActiveCfg = Release|x64
		{ABB907C6-77F7-412B-A51D-74DEE96322A1}.AppStore|x64.Build.0 = Release|x64
		{ABB907C6-77F7-412B-A51D-74DEE96322A1}.AppStore|x64.Deploy.0 = Release|x64
		{ABB907C6-77F7-412B-A51D-74DEE96322A1}.AppStore|x86.ActiveCfg = Release|x86
		{ABB907C6-77F7-412B-A51D-74DEE96322A1}.AppStore|x86.Build.0 = Release|x86
		{ABB907C6-77F7-412B-A51D-74DEE96322A1}.AppStore|x86.Deploy.0 = Release|x86
		{ABB907C6-77F7-412B-A51D-74DEE96322A1}.Debug|Any CPU.ActiveCfg = Debug|x86
		{ABB907C6-77F7-412B-A51D-74DEE96322A1}.Debug|ARM.ActiveCfg = Debug|ARM
		{ABB907C6-77F7-412B-A51D-74DEE96322A1}.Debug|ARM.Build.0 = Debug|ARM
		{ABB907C6-77F7-412B-A51D-74DEE96322A1}.Debug|ARM.Deploy.0 = Debug|ARM
		{ABB907C6-77F7-412B-A51D-74DEE96322A1}.Debug|iPhone.ActiveCfg = Debug|x86
		{ABB907C6-77F7-412B-A51D-74DEE96322A1}.Debug|iPhoneSimulator.ActiveCfg = Debug|x86
		{ABB907C6-77F7-412B-A51D-74DEE96322A1}.Debug|x64.ActiveCfg = Debug|x64
		{ABB907C6-77F7-412B-A51D-74DEE96322A1}.Debug|x64.Build.0 = Debug|x64
		{ABB907C6-77F7-412B-A51D-74DEE96322A1}.Debug|x64.Deploy.0 = Debug|x64
		{ABB907C6-77F7-412B-A51D-74DEE96322A1}.Debug|x86.ActiveCfg = Debug|x86
		{ABB907C6-77F7-412B-A51D-74DEE96322A1}.Debug|x86.Build.0 = Debug|x86
		{ABB907C6-77F7-412B-A51D-74DEE96322A1}.Debug|x86.Deploy.0 = Debug|x86
		{ABB907C6-77F7-412B-A51D-74DEE96322A1}.Release|Any CPU.ActiveCfg = Release|x86
		{ABB907C6-77F7-412B-A51D-74DEE96322A1}.Release|ARM.ActiveCfg = Release|ARM
		{ABB907C6-77F7-412B-A51D-74DEE96322A1}.Release|ARM.Build.0 = Release|ARM
		{ABB907C6-77F7-412B-A51D-74DEE96322A1}.Release|ARM.Deploy.0 = Release|ARM
		{ABB907C6-77F7-412B-A51D-74DEE96322A1}.Release|iPhone.ActiveCfg = Release|x86
		{ABB907C6-77F7-412B-A51D-74DEE96322A1}.Release|iPhoneSimulator.ActiveCfg = Release|x86
		{ABB907C6-77F7-412B-A51D-74DEE96322A1}.Release|x64.ActiveCfg = Release|x64
		{ABB907C6-77F7-412B-A51D-74DEE96322A1}.Release|x64.Build.0 = Release|x64
		{ABB907C6-77F7-412B-A51D-74DEE96322A1}.Release|x64.Deploy.0 = Release|x64
		{ABB907C6-77F7-412B-A51D-74DEE96322A1}.Release|x86.ActiveCfg = Release|x86
		{ABB907C6-77F7-412B-A51D-74DEE96322A1}.Release|x86.Build.0 = Release|x86
		{ABB907C6-77F7-412B-A51D-74DEE96322A1}.Release|x86.Deploy.0 = Release|x86
	EndGlobalSection
	GlobalSection(SolutionProperties) = preSolution
		HideSolutionNode = FALSE
	EndGlobalSection
EndGlobal
